// !$*UTF8*$!
{
	archiveVersion = 1;
	classes = {
	};
	objectVersion = 56;
	objects = {

/* Begin PBXBuildFile section */
		9F0B47BD2BF4F96A009D1CEA /* GoogleService-Info.plist in Resources */ = {isa = PBXBuildFile; fileRef = 9F0B47BC2BF4F96A009D1CEA /* GoogleService-Info.plist */; };
		9F1B05212BD94F1700C3C264 /* ReportViewController.swift in Sources */ = {isa = PBXBuildFile; fileRef = 9F1B05202BD94F1700C3C264 /* ReportViewController.swift */; };
		9F650A862BB5B5DD0083C792 /* FeedTableViewCell.swift in Sources */ = {isa = PBXBuildFile; fileRef = 9F650A852BB5B5DD0083C792 /* FeedTableViewCell.swift */; };
		9F65DFF22BD996D5002F24A3 /* FeedCoordinator.swift in Sources */ = {isa = PBXBuildFile; fileRef = 9F65DFF12BD996D5002F24A3 /* FeedCoordinator.swift */; };
		9F65DFF52BD99924002F24A3 /* FeedViewModel.swift in Sources */ = {isa = PBXBuildFile; fileRef = 9F65DFF42BD99924002F24A3 /* FeedViewModel.swift */; };
		9F6CE0782BFB8C700093A2B1 /* Extension+UIView.swift in Sources */ = {isa = PBXBuildFile; fileRef = 9F6CE0772BFB8C700093A2B1 /* Extension+UIView.swift */; };
		9F6CE07B2BFB93B70093A2B1 /* PostService.swift in Sources */ = {isa = PBXBuildFile; fileRef = 9F6CE07A2BFB93B70093A2B1 /* PostService.swift */; };
		9F88E62F2BB352A000EB8315 /* AppDelegate.swift in Sources */ = {isa = PBXBuildFile; fileRef = 9F88E62E2BB352A000EB8315 /* AppDelegate.swift */; };
		9F88E6312BB352A000EB8315 /* SceneDelegate.swift in Sources */ = {isa = PBXBuildFile; fileRef = 9F88E6302BB352A000EB8315 /* SceneDelegate.swift */; };
		9F88E6382BB352A200EB8315 /* Assets.xcassets in Resources */ = {isa = PBXBuildFile; fileRef = 9F88E6372BB352A200EB8315 /* Assets.xcassets */; };
		9F88E63B2BB352A200EB8315 /* Base in Resources */ = {isa = PBXBuildFile; fileRef = 9F88E63A2BB352A200EB8315 /* Base */; };
		9F88E6462BB3532200EB8315 /* SignInCoordinator.swift in Sources */ = {isa = PBXBuildFile; fileRef = 9F88E6452BB3532200EB8315 /* SignInCoordinator.swift */; };
		9F88E6482BB3533C00EB8315 /* SignInViewController.swift in Sources */ = {isa = PBXBuildFile; fileRef = 9F88E6472BB3533C00EB8315 /* SignInViewController.swift */; };
		9F88E64A2BB3554F00EB8315 /* SignInViewModel.swift in Sources */ = {isa = PBXBuildFile; fileRef = 9F88E6492BB3554F00EB8315 /* SignInViewModel.swift */; };
		9F88E64D2BB4473400EB8315 /* LoadingButton.swift in Sources */ = {isa = PBXBuildFile; fileRef = 9F88E64C2BB4473400EB8315 /* LoadingButton.swift */; };
		9F88E6502BB455FC00EB8315 /* SignUpViewController.swift in Sources */ = {isa = PBXBuildFile; fileRef = 9F88E64F2BB455FC00EB8315 /* SignUpViewController.swift */; };
		9F88E6542BB4563700EB8315 /* SignUpViewModel.swift in Sources */ = {isa = PBXBuildFile; fileRef = 9F88E6532BB4563700EB8315 /* SignUpViewModel.swift */; };
		9F88E6562BB4565100EB8315 /* SignUpCoordinator.swift in Sources */ = {isa = PBXBuildFile; fileRef = 9F88E6552BB4565100EB8315 /* SignUpCoordinator.swift */; };
		9F88E65D2BB4BD4B00EB8315 /* HomeCoordinator.swift in Sources */ = {isa = PBXBuildFile; fileRef = 9F88E65C2BB4BD4B00EB8315 /* HomeCoordinator.swift */; };
		9F88E65F2BB4BFB100EB8315 /* HomeViewController.swift in Sources */ = {isa = PBXBuildFile; fileRef = 9F88E65E2BB4BFB100EB8315 /* HomeViewController.swift */; };
		9F88E6612BB4C04E00EB8315 /* HomeViewModel.swift in Sources */ = {isa = PBXBuildFile; fileRef = 9F88E6602BB4C04E00EB8315 /* HomeViewModel.swift */; };
		9F88E6652BB4C71300EB8315 /* FeedViewController.swift in Sources */ = {isa = PBXBuildFile; fileRef = 9F88E6642BB4C71300EB8315 /* FeedViewController.swift */; };
		9F88E6672BB4C72600EB8315 /* ProfileViewController.swift in Sources */ = {isa = PBXBuildFile; fileRef = 9F88E6662BB4C72600EB8315 /* ProfileViewController.swift */; };
		9FA8B5912BF5008300E48331 /* FirebaseAuth in Frameworks */ = {isa = PBXBuildFile; productRef = 9FA8B5902BF5008300E48331 /* FirebaseAuth */; };
		9FA8B5932BF5008300E48331 /* FirebaseAuthCombine-Community in Frameworks */ = {isa = PBXBuildFile; productRef = 9FA8B5922BF5008300E48331 /* FirebaseAuthCombine-Community */; };
		9FA8B5952BF5008300E48331 /* FirebaseDatabase in Frameworks */ = {isa = PBXBuildFile; productRef = 9FA8B5942BF5008300E48331 /* FirebaseDatabase */; };
		9FA8B5972BF5008300E48331 /* FirebaseDatabaseSwift in Frameworks */ = {isa = PBXBuildFile; productRef = 9FA8B5962BF5008300E48331 /* FirebaseDatabaseSwift */; };
		9FA8B5992BF5008300E48331 /* FirebaseFirestore in Frameworks */ = {isa = PBXBuildFile; productRef = 9FA8B5982BF5008300E48331 /* FirebaseFirestore */; };
		9FA8B59B2BF5008300E48331 /* FirebaseFirestoreCombine-Community in Frameworks */ = {isa = PBXBuildFile; productRef = 9FA8B59A2BF5008300E48331 /* FirebaseFirestoreCombine-Community */; };
		9FA8B59D2BF5008300E48331 /* FirebaseFirestoreSwift in Frameworks */ = {isa = PBXBuildFile; productRef = 9FA8B59C2BF5008300E48331 /* FirebaseFirestoreSwift */; };
		9FA8B59F2BF5008300E48331 /* FirebaseInstallations in Frameworks */ = {isa = PBXBuildFile; productRef = 9FA8B59E2BF5008300E48331 /* FirebaseInstallations */; };
		9FA8B5A12BF5008300E48331 /* FirebaseRemoteConfig in Frameworks */ = {isa = PBXBuildFile; productRef = 9FA8B5A02BF5008300E48331 /* FirebaseRemoteConfig */; };
		9FA8B5A32BF5008300E48331 /* FirebaseRemoteConfigSwift in Frameworks */ = {isa = PBXBuildFile; productRef = 9FA8B5A22BF5008300E48331 /* FirebaseRemoteConfigSwift */; };
		9FA8B5A52BF5008300E48331 /* FirebaseStorage in Frameworks */ = {isa = PBXBuildFile; productRef = 9FA8B5A42BF5008300E48331 /* FirebaseStorage */; };
		9FA8B5A72BF5008300E48331 /* FirebaseStorageCombine-Community in Frameworks */ = {isa = PBXBuildFile; productRef = 9FA8B5A62BF5008300E48331 /* FirebaseStorageCombine-Community */; };
		9FEC77B92BF4E1BD00523BCC /* HomeUserCoordinator.swift in Sources */ = {isa = PBXBuildFile; fileRef = 9FEC77B82BF4E1BD00523BCC /* HomeUserCoordinator.swift */; };
		9FEC77BB2BF4E1CA00523BCC /* HomeUserViewController.swift in Sources */ = {isa = PBXBuildFile; fileRef = 9FEC77BA2BF4E1CA00523BCC /* HomeUserViewController.swift */; };
		9FEC77BD2BF4E1D600523BCC /* HomeUserViewModel.swift in Sources */ = {isa = PBXBuildFile; fileRef = 9FEC77BC2BF4E1D600523BCC /* HomeUserViewModel.swift */; };
		9FEC77C32BF4E3F600523BCC /* FeedUserViewModel.swift in Sources */ = {isa = PBXBuildFile; fileRef = 9FEC77C22BF4E3F600523BCC /* FeedUserViewModel.swift */; };
		9FEC77C52BF4E69500523BCC /* FeedUserTableViewCell.swift in Sources */ = {isa = PBXBuildFile; fileRef = 9FEC77C42BF4E69500523BCC /* FeedUserTableViewCell.swift */; };
		9FEC77C72BF4E6E500523BCC /* FeedUserViewController.swift in Sources */ = {isa = PBXBuildFile; fileRef = 9FEC77C62BF4E6E500523BCC /* FeedUserViewController.swift */; };
		9FEC77C92BF4E81200523BCC /* FeedUserCoordinator.swift in Sources */ = {isa = PBXBuildFile; fileRef = 9FEC77C82BF4E81200523BCC /* FeedUserCoordinator.swift */; };
		9FEC77CD2BF4E91800523BCC /* ProfileUserViewController.swift in Sources */ = {isa = PBXBuildFile; fileRef = 9FEC77CC2BF4E91800523BCC /* ProfileUserViewController.swift */; };
		9FEC77CF2BF4E9ED00523BCC /* User.swift in Sources */ = {isa = PBXBuildFile; fileRef = 9FEC77CE2BF4E9ED00523BCC /* User.swift */; };
		9FEC77D12BF4EA7800523BCC /* UserManager.swift in Sources */ = {isa = PBXBuildFile; fileRef = 9FEC77D02BF4EA7800523BCC /* UserManager.swift */; };
		9FF5FF402BD7F15A00EF7877 /* AddCheckViewController.swift in Sources */ = {isa = PBXBuildFile; fileRef = 9FF5FF3F2BD7F15A00EF7877 /* AddCheckViewController.swift */; };
		9FF5FF4B2BD7F7C300EF7877 /* AddChecklistCoordinator.swift in Sources */ = {isa = PBXBuildFile; fileRef = 9FF5FF4A2BD7F7C300EF7877 /* AddChecklistCoordinator.swift */; };
		9FF5FF4D2BD7F8BA00EF7877 /* AddCheckListViewModel.swift in Sources */ = {isa = PBXBuildFile; fileRef = 9FF5FF4C2BD7F8BA00EF7877 /* AddCheckListViewModel.swift */; };
/* End PBXBuildFile section */

/* Begin PBXFileReference section */
		9F0B47BC2BF4F96A009D1CEA /* GoogleService-Info.plist */ = {isa = PBXFileReference; fileEncoding = 4; lastKnownFileType = text.plist.xml; name = "GoogleService-Info.plist"; path = "../../../../Downloads/GoogleService-Info.plist"; sourceTree = "<group>"; };
		9F1B05202BD94F1700C3C264 /* ReportViewController.swift */ = {isa = PBXFileReference; lastKnownFileType = sourcecode.swift; path = ReportViewController.swift; sourceTree = "<group>"; };
		9F650A852BB5B5DD0083C792 /* FeedTableViewCell.swift */ = {isa = PBXFileReference; lastKnownFileType = sourcecode.swift; path = FeedTableViewCell.swift; sourceTree = "<group>"; };
		9F65DFF12BD996D5002F24A3 /* FeedCoordinator.swift */ = {isa = PBXFileReference; lastKnownFileType = sourcecode.swift; path = FeedCoordinator.swift; sourceTree = "<group>"; };
		9F65DFF42BD99924002F24A3 /* FeedViewModel.swift */ = {isa = PBXFileReference; lastKnownFileType = sourcecode.swift; path = FeedViewModel.swift; sourceTree = "<group>"; };
		9F6CE0772BFB8C700093A2B1 /* Extension+UIView.swift */ = {isa = PBXFileReference; fileEncoding = 4; lastKnownFileType = sourcecode.swift; path = "Extension+UIView.swift"; sourceTree = "<group>"; };
		9F6CE07A2BFB93B70093A2B1 /* PostService.swift */ = {isa = PBXFileReference; lastKnownFileType = sourcecode.swift; path = PostService.swift; sourceTree = "<group>"; };
		9F88E62B2BB352A000EB8315 /* checkListGerente.app */ = {isa = PBXFileReference; explicitFileType = wrapper.application; includeInIndex = 0; path = checkListGerente.app; sourceTree = BUILT_PRODUCTS_DIR; };
		9F88E62E2BB352A000EB8315 /* AppDelegate.swift */ = {isa = PBXFileReference; lastKnownFileType = sourcecode.swift; path = AppDelegate.swift; sourceTree = "<group>"; };
		9F88E6302BB352A000EB8315 /* SceneDelegate.swift */ = {isa = PBXFileReference; lastKnownFileType = sourcecode.swift; path = SceneDelegate.swift; sourceTree = "<group>"; };
		9F88E6372BB352A200EB8315 /* Assets.xcassets */ = {isa = PBXFileReference; lastKnownFileType = folder.assetcatalog; path = Assets.xcassets; sourceTree = "<group>"; };
		9F88E63A2BB352A200EB8315 /* Base */ = {isa = PBXFileReference; lastKnownFileType = file.storyboard; name = Base; path = Base.lproj/LaunchScreen.storyboard; sourceTree = "<group>"; };
		9F88E63C2BB352A200EB8315 /* Info.plist */ = {isa = PBXFileReference; lastKnownFileType = text.plist.xml; path = Info.plist; sourceTree = "<group>"; };
		9F88E6452BB3532200EB8315 /* SignInCoordinator.swift */ = {isa = PBXFileReference; lastKnownFileType = sourcecode.swift; path = SignInCoordinator.swift; sourceTree = "<group>"; };
		9F88E6472BB3533C00EB8315 /* SignInViewController.swift */ = {isa = PBXFileReference; lastKnownFileType = sourcecode.swift; path = SignInViewController.swift; sourceTree = "<group>"; };
		9F88E6492BB3554F00EB8315 /* SignInViewModel.swift */ = {isa = PBXFileReference; lastKnownFileType = sourcecode.swift; path = SignInViewModel.swift; sourceTree = "<group>"; };
		9F88E64C2BB4473400EB8315 /* LoadingButton.swift */ = {isa = PBXFileReference; lastKnownFileType = sourcecode.swift; path = LoadingButton.swift; sourceTree = "<group>"; };
		9F88E64F2BB455FC00EB8315 /* SignUpViewController.swift */ = {isa = PBXFileReference; lastKnownFileType = sourcecode.swift; path = SignUpViewController.swift; sourceTree = "<group>"; };
		9F88E6532BB4563700EB8315 /* SignUpViewModel.swift */ = {isa = PBXFileReference; lastKnownFileType = sourcecode.swift; path = SignUpViewModel.swift; sourceTree = "<group>"; };
		9F88E6552BB4565100EB8315 /* SignUpCoordinator.swift */ = {isa = PBXFileReference; lastKnownFileType = sourcecode.swift; path = SignUpCoordinator.swift; sourceTree = "<group>"; };
		9F88E65C2BB4BD4B00EB8315 /* HomeCoordinator.swift */ = {isa = PBXFileReference; lastKnownFileType = sourcecode.swift; path = HomeCoordinator.swift; sourceTree = "<group>"; };
		9F88E65E2BB4BFB100EB8315 /* HomeViewController.swift */ = {isa = PBXFileReference; lastKnownFileType = sourcecode.swift; path = HomeViewController.swift; sourceTree = "<group>"; };
		9F88E6602BB4C04E00EB8315 /* HomeViewModel.swift */ = {isa = PBXFileReference; lastKnownFileType = sourcecode.swift; path = HomeViewModel.swift; sourceTree = "<group>"; };
		9F88E6642BB4C71300EB8315 /* FeedViewController.swift */ = {isa = PBXFileReference; lastKnownFileType = sourcecode.swift; path = FeedViewController.swift; sourceTree = "<group>"; };
		9F88E6662BB4C72600EB8315 /* ProfileViewController.swift */ = {isa = PBXFileReference; lastKnownFileType = sourcecode.swift; path = ProfileViewController.swift; sourceTree = "<group>"; };
		9FEC77B82BF4E1BD00523BCC /* HomeUserCoordinator.swift */ = {isa = PBXFileReference; lastKnownFileType = sourcecode.swift; path = HomeUserCoordinator.swift; sourceTree = "<group>"; };
		9FEC77BA2BF4E1CA00523BCC /* HomeUserViewController.swift */ = {isa = PBXFileReference; lastKnownFileType = sourcecode.swift; path = HomeUserViewController.swift; sourceTree = "<group>"; };
		9FEC77BC2BF4E1D600523BCC /* HomeUserViewModel.swift */ = {isa = PBXFileReference; lastKnownFileType = sourcecode.swift; path = HomeUserViewModel.swift; sourceTree = "<group>"; };
		9FEC77C22BF4E3F600523BCC /* FeedUserViewModel.swift */ = {isa = PBXFileReference; lastKnownFileType = sourcecode.swift; path = FeedUserViewModel.swift; sourceTree = "<group>"; };
		9FEC77C42BF4E69500523BCC /* FeedUserTableViewCell.swift */ = {isa = PBXFileReference; lastKnownFileType = sourcecode.swift; path = FeedUserTableViewCell.swift; sourceTree = "<group>"; };
		9FEC77C62BF4E6E500523BCC /* FeedUserViewController.swift */ = {isa = PBXFileReference; lastKnownFileType = sourcecode.swift; path = FeedUserViewController.swift; sourceTree = "<group>"; };
		9FEC77C82BF4E81200523BCC /* FeedUserCoordinator.swift */ = {isa = PBXFileReference; lastKnownFileType = sourcecode.swift; path = FeedUserCoordinator.swift; sourceTree = "<group>"; };
		9FEC77CC2BF4E91800523BCC /* ProfileUserViewController.swift */ = {isa = PBXFileReference; lastKnownFileType = sourcecode.swift; path = ProfileUserViewController.swift; sourceTree = "<group>"; };
		9FEC77CE2BF4E9ED00523BCC /* User.swift */ = {isa = PBXFileReference; lastKnownFileType = sourcecode.swift; path = User.swift; sourceTree = "<group>"; };
		9FEC77D02BF4EA7800523BCC /* UserManager.swift */ = {isa = PBXFileReference; lastKnownFileType = sourcecode.swift; path = UserManager.swift; sourceTree = "<group>"; };
		9FF5FF3F2BD7F15A00EF7877 /* AddCheckViewController.swift */ = {isa = PBXFileReference; lastKnownFileType = sourcecode.swift; path = AddCheckViewController.swift; sourceTree = "<group>"; };
		9FF5FF4A2BD7F7C300EF7877 /* AddChecklistCoordinator.swift */ = {isa = PBXFileReference; lastKnownFileType = sourcecode.swift; path = AddChecklistCoordinator.swift; sourceTree = "<group>"; };
		9FF5FF4C2BD7F8BA00EF7877 /* AddCheckListViewModel.swift */ = {isa = PBXFileReference; lastKnownFileType = sourcecode.swift; path = AddCheckListViewModel.swift; sourceTree = "<group>"; };
/* End PBXFileReference section */

/* Begin PBXFrameworksBuildPhase section */
		9F88E6282BB352A000EB8315 /* Frameworks */ = {
			isa = PBXFrameworksBuildPhase;
			buildActionMask = 2147483647;
			files = (
				9FA8B5A12BF5008300E48331 /* FirebaseRemoteConfig in Frameworks */,
				9FA8B5972BF5008300E48331 /* FirebaseDatabaseSwift in Frameworks */,
				9FA8B5952BF5008300E48331 /* FirebaseDatabase in Frameworks */,
				9FA8B5912BF5008300E48331 /* FirebaseAuth in Frameworks */,
				9FA8B59F2BF5008300E48331 /* FirebaseInstallations in Frameworks */,
				9FA8B59D2BF5008300E48331 /* FirebaseFirestoreSwift in Frameworks */,
				9FA8B59B2BF5008300E48331 /* FirebaseFirestoreCombine-Community in Frameworks */,
				9FA8B5A32BF5008300E48331 /* FirebaseRemoteConfigSwift in Frameworks */,
				9FA8B5A52BF5008300E48331 /* FirebaseStorage in Frameworks */,
				9FA8B5992BF5008300E48331 /* FirebaseFirestore in Frameworks */,
				9FA8B5A72BF5008300E48331 /* FirebaseStorageCombine-Community in Frameworks */,
				9FA8B5932BF5008300E48331 /* FirebaseAuthCombine-Community in Frameworks */,
			);
			runOnlyForDeploymentPostprocessing = 0;
		};
/* End PBXFrameworksBuildPhase section */

/* Begin PBXGroup section */
		9F1B051D2BD94EEF00C3C264 /* ReportAdmin */ = {
			isa = PBXGroup;
			children = (
				9F1B051F2BD94EFD00C3C264 /* ViewModel */,
				9F1B051E2BD94EF700C3C264 /* View */,
			);
			path = ReportAdmin;
			sourceTree = "<group>";
		};
		9F1B051E2BD94EF700C3C264 /* View */ = {
			isa = PBXGroup;
			children = (
				9F1B05202BD94F1700C3C264 /* ReportViewController.swift */,
			);
			path = View;
			sourceTree = "<group>";
		};
		9F1B051F2BD94EFD00C3C264 /* ViewModel */ = {
			isa = PBXGroup;
			children = (
			);
			path = ViewModel;
			sourceTree = "<group>";
		};
		9F65DFF32BD998FC002F24A3 /* ViewModel */ = {
			isa = PBXGroup;
			children = (
				9F65DFF42BD99924002F24A3 /* FeedViewModel.swift */,
			);
			path = ViewModel;
			sourceTree = "<group>";
		};
		9F6CE0762BFB8C5E0093A2B1 /* extension */ = {
			isa = PBXGroup;
			children = (
				9F6CE0772BFB8C700093A2B1 /* Extension+UIView.swift */,
			);
			path = extension;
			sourceTree = "<group>";
		};
		9F6CE0792BFB93A60093A2B1 /* Api */ = {
			isa = PBXGroup;
			children = (
				9F6CE07A2BFB93B70093A2B1 /* PostService.swift */,
			);
			path = Api;
			sourceTree = "<group>";
		};
		9F88E6222BB352A000EB8315 = {
			isa = PBXGroup;
			children = (
				9F88E62D2BB352A000EB8315 /* checkListGerente */,
				9F88E62C2BB352A000EB8315 /* Products */,
			);
			sourceTree = "<group>";
		};
		9F88E62C2BB352A000EB8315 /* Products */ = {
			isa = PBXGroup;
			children = (
				9F88E62B2BB352A000EB8315 /* checkListGerente.app */,
			);
			name = Products;
			sourceTree = "<group>";
		};
		9F88E62D2BB352A000EB8315 /* checkListGerente */ = {
			isa = PBXGroup;
			children = (
				9F6CE0792BFB93A60093A2B1 /* Api */,
				9F6CE0762BFB8C5E0093A2B1 /* extension */,
				9FF5FF3E2BD7F13100EF7877 /* AddChecklist */,
				9FF5FF422BD7F41A00EF7877 /* ProfileAdmin */,
				9F1B051D2BD94EEF00C3C264 /* ReportAdmin */,
				9FF5FF412BD7F40B00EF7877 /* FeedAdmin */,
				9F88E6592BB4BD2D00EB8315 /* HomeAdmin */,
				9FEC77B52BF4E16A00523BCC /* HomeUser */,
				9FEC77BE2BF4E35D00523BCC /* FeedUser */,
				9FEC77BF2BF4E36D00523BCC /* ProfileUser */,
				9F88E64B2BB4471600EB8315 /* Common */,
				9F88E64E2BB455E500EB8315 /* SignUp */,
				9F88E6422BB352D600EB8315 /* SignIn */,
				9F88E62E2BB352A000EB8315 /* AppDelegate.swift */,
				9F88E6302BB352A000EB8315 /* SceneDelegate.swift */,
				9F88E6372BB352A200EB8315 /* Assets.xcassets */,
				9F88E6392BB352A200EB8315 /* LaunchScreen.storyboard */,
				9F88E63C2BB352A200EB8315 /* Info.plist */,
				9F0B47BC2BF4F96A009D1CEA /* GoogleService-Info.plist */,
			);
			path = checkListGerente;
			sourceTree = "<group>";
		};
		9F88E6422BB352D600EB8315 /* SignIn */ = {
			isa = PBXGroup;
			children = (
				9F88E6442BB352F700EB8315 /* ViewModel */,
				9F88E6432BB352F100EB8315 /* View */,
				9F88E6452BB3532200EB8315 /* SignInCoordinator.swift */,
			);
			path = SignIn;
			sourceTree = "<group>";
		};
		9F88E6432BB352F100EB8315 /* View */ = {
			isa = PBXGroup;
			children = (
				9F88E6472BB3533C00EB8315 /* SignInViewController.swift */,
			);
			path = View;
			sourceTree = "<group>";
		};
		9F88E6442BB352F700EB8315 /* ViewModel */ = {
			isa = PBXGroup;
			children = (
				9F88E6492BB3554F00EB8315 /* SignInViewModel.swift */,
			);
			path = ViewModel;
			sourceTree = "<group>";
		};
		9F88E64B2BB4471600EB8315 /* Common */ = {
			isa = PBXGroup;
			children = (
				9F88E64C2BB4473400EB8315 /* LoadingButton.swift */,
				9FEC77CE2BF4E9ED00523BCC /* User.swift */,
				9FEC77D02BF4EA7800523BCC /* UserManager.swift */,
			);
			path = Common;
			sourceTree = "<group>";
		};
		9F88E64E2BB455E500EB8315 /* SignUp */ = {
			isa = PBXGroup;
			children = (
				9F88E6522BB4562200EB8315 /* ViewModel */,
				9F88E6512BB4560400EB8315 /* View */,
				9F88E6552BB4565100EB8315 /* SignUpCoordinator.swift */,
			);
			path = SignUp;
			sourceTree = "<group>";
		};
		9F88E6512BB4560400EB8315 /* View */ = {
			isa = PBXGroup;
			children = (
				9F88E64F2BB455FC00EB8315 /* SignUpViewController.swift */,
			);
			path = View;
			sourceTree = "<group>";
		};
		9F88E6522BB4562200EB8315 /* ViewModel */ = {
			isa = PBXGroup;
			children = (
				9F88E6532BB4563700EB8315 /* SignUpViewModel.swift */,
			);
			path = ViewModel;
			sourceTree = "<group>";
		};
		9F88E6592BB4BD2D00EB8315 /* HomeAdmin */ = {
			isa = PBXGroup;
			children = (
				9F88E65B2BB4BD3C00EB8315 /* ViewModel */,
				9F88E65A2BB4BD3700EB8315 /* View */,
				9F88E65C2BB4BD4B00EB8315 /* HomeCoordinator.swift */,
			);
			path = HomeAdmin;
			sourceTree = "<group>";
		};
		9F88E65A2BB4BD3700EB8315 /* View */ = {
			isa = PBXGroup;
			children = (
				9F88E65E2BB4BFB100EB8315 /* HomeViewController.swift */,
			);
			path = View;
			sourceTree = "<group>";
		};
		9F88E65B2BB4BD3C00EB8315 /* ViewModel */ = {
			isa = PBXGroup;
			children = (
				9F88E6602BB4C04E00EB8315 /* HomeViewModel.swift */,
			);
			path = ViewModel;
			sourceTree = "<group>";
		};
		9FEC77B52BF4E16A00523BCC /* HomeUser */ = {
			isa = PBXGroup;
			children = (
				9FEC77B62BF4E18E00523BCC /* ViewModel */,
				9FEC77B72BF4E19A00523BCC /* View */,
				9FEC77B82BF4E1BD00523BCC /* HomeUserCoordinator.swift */,
			);
			path = HomeUser;
			sourceTree = "<group>";
		};
		9FEC77B62BF4E18E00523BCC /* ViewModel */ = {
			isa = PBXGroup;
			children = (
				9FEC77BC2BF4E1D600523BCC /* HomeUserViewModel.swift */,
			);
			path = ViewModel;
			sourceTree = "<group>";
		};
		9FEC77B72BF4E19A00523BCC /* View */ = {
			isa = PBXGroup;
			children = (
				9FEC77BA2BF4E1CA00523BCC /* HomeUserViewController.swift */,
			);
			path = View;
			sourceTree = "<group>";
		};
		9FEC77BE2BF4E35D00523BCC /* FeedUser */ = {
			isa = PBXGroup;
			children = (
				9FEC77C02BF4E3AC00523BCC /* ViewModel */,
				9FEC77C12BF4E3B400523BCC /* View */,
				9FEC77C82BF4E81200523BCC /* FeedUserCoordinator.swift */,
			);
			path = FeedUser;
			sourceTree = "<group>";
		};
		9FEC77BF2BF4E36D00523BCC /* ProfileUser */ = {
			isa = PBXGroup;
			children = (
				9FEC77CB2BF4E87300523BCC /* ViewModel */,
				9FEC77CA2BF4E86F00523BCC /* View */,
			);
			path = ProfileUser;
			sourceTree = "<group>";
		};
		9FEC77C02BF4E3AC00523BCC /* ViewModel */ = {
			isa = PBXGroup;
			children = (
				9FEC77C22BF4E3F600523BCC /* FeedUserViewModel.swift */,
			);
			path = ViewModel;
			sourceTree = "<group>";
		};
		9FEC77C12BF4E3B400523BCC /* View */ = {
			isa = PBXGroup;
			children = (
				9FEC77C42BF4E69500523BCC /* FeedUserTableViewCell.swift */,
				9FEC77C62BF4E6E500523BCC /* FeedUserViewController.swift */,
			);
			path = View;
			sourceTree = "<group>";
		};
		9FEC77CA2BF4E86F00523BCC /* View */ = {
			isa = PBXGroup;
			children = (
				9FEC77CC2BF4E91800523BCC /* ProfileUserViewController.swift */,
			);
			path = View;
			sourceTree = "<group>";
		};
		9FEC77CB2BF4E87300523BCC /* ViewModel */ = {
			isa = PBXGroup;
			children = (
			);
			path = ViewModel;
			sourceTree = "<group>";
		};
		9FF5FF3E2BD7F13100EF7877 /* AddChecklist */ = {
			isa = PBXGroup;
			children = (
				9FF5FF4A2BD7F7C300EF7877 /* AddChecklistCoordinator.swift */,
				9FF5FF442BD7F48A00EF7877 /* View */,
				9FF5FF492BD7F79900EF7877 /* ViewModel */,
			);
			path = AddChecklist;
			sourceTree = "<group>";
		};
		9FF5FF412BD7F40B00EF7877 /* FeedAdmin */ = {
			isa = PBXGroup;
			children = (
				9F65DFF32BD998FC002F24A3 /* ViewModel */,
				9FF5FF432BD7F45000EF7877 /* View */,
				9F65DFF12BD996D5002F24A3 /* FeedCoordinator.swift */,
			);
			path = FeedAdmin;
			sourceTree = "<group>";
		};
		9FF5FF422BD7F41A00EF7877 /* ProfileAdmin */ = {
			isa = PBXGroup;
			children = (
				9FF5FF482BD7F78D00EF7877 /* ViewModel */,
				9FF5FF472BD7F78100EF7877 /* View */,
			);
			path = ProfileAdmin;
			sourceTree = "<group>";
		};
		9FF5FF432BD7F45000EF7877 /* View */ = {
			isa = PBXGroup;
			children = (
				9F650A852BB5B5DD0083C792 /* FeedTableViewCell.swift */,
				9F88E6642BB4C71300EB8315 /* FeedViewController.swift */,
			);
			path = View;
			sourceTree = "<group>";
		};
		9FF5FF442BD7F48A00EF7877 /* View */ = {
			isa = PBXGroup;
			children = (
				9FF5FF3F2BD7F15A00EF7877 /* AddCheckViewController.swift */,
			);
			path = View;
			sourceTree = "<group>";
		};
		9FF5FF472BD7F78100EF7877 /* View */ = {
			isa = PBXGroup;
			children = (
				9F88E6662BB4C72600EB8315 /* ProfileViewController.swift */,
			);
			path = View;
			sourceTree = "<group>";
		};
		9FF5FF482BD7F78D00EF7877 /* ViewModel */ = {
			isa = PBXGroup;
			children = (
			);
			path = ViewModel;
			sourceTree = "<group>";
		};
		9FF5FF492BD7F79900EF7877 /* ViewModel */ = {
			isa = PBXGroup;
			children = (
				9FF5FF4C2BD7F8BA00EF7877 /* AddCheckListViewModel.swift */,
			);
			path = ViewModel;
			sourceTree = "<group>";
		};
/* End PBXGroup section */

/* Begin PBXNativeTarget section */
		9F88E62A2BB352A000EB8315 /* checkListGerente */ = {
			isa = PBXNativeTarget;
			buildConfigurationList = 9F88E63F2BB352A200EB8315 /* Build configuration list for PBXNativeTarget "checkListGerente" */;
			buildPhases = (
				9F88E6272BB352A000EB8315 /* Sources */,
				9F88E6282BB352A000EB8315 /* Frameworks */,
				9F88E6292BB352A000EB8315 /* Resources */,
			);
			buildRules = (
			);
			dependencies = (
			);
			name = checkListGerente;
			packageProductDependencies = (
				9FA8B5902BF5008300E48331 /* FirebaseAuth */,
				9FA8B5922BF5008300E48331 /* FirebaseAuthCombine-Community */,
				9FA8B5942BF5008300E48331 /* FirebaseDatabase */,
				9FA8B5962BF5008300E48331 /* FirebaseDatabaseSwift */,
				9FA8B5982BF5008300E48331 /* FirebaseFirestore */,
				9FA8B59A2BF5008300E48331 /* FirebaseFirestoreCombine-Community */,
				9FA8B59C2BF5008300E48331 /* FirebaseFirestoreSwift */,
				9FA8B59E2BF5008300E48331 /* FirebaseInstallations */,
				9FA8B5A02BF5008300E48331 /* FirebaseRemoteConfig */,
				9FA8B5A22BF5008300E48331 /* FirebaseRemoteConfigSwift */,
				9FA8B5A42BF5008300E48331 /* FirebaseStorage */,
				9FA8B5A62BF5008300E48331 /* FirebaseStorageCombine-Community */,
			);
			productName = checkListGerente;
			productReference = 9F88E62B2BB352A000EB8315 /* checkListGerente.app */;
			productType = "com.apple.product-type.application";
		};
/* End PBXNativeTarget section */

/* Begin PBXProject section */
		9F88E6232BB352A000EB8315 /* Project object */ = {
			isa = PBXProject;
			attributes = {
				BuildIndependentTargetsInParallel = 1;
				LastSwiftUpdateCheck = 1530;
				LastUpgradeCheck = 1530;
				TargetAttributes = {
					9F88E62A2BB352A000EB8315 = {
						CreatedOnToolsVersion = 15.3;
					};
				};
			};
			buildConfigurationList = 9F88E6262BB352A000EB8315 /* Build configuration list for PBXProject "checkListGerente" */;
			compatibilityVersion = "Xcode 14.0";
			developmentRegion = en;
			hasScannedForEncodings = 0;
			knownRegions = (
				en,
				Base,
			);
			mainGroup = 9F88E6222BB352A000EB8315;
			packageReferences = (
				9FEC77D42BF4F19000523BCC /* XCRemoteSwiftPackageReference "firebase-ios-sdk" */,
			);
			productRefGroup = 9F88E62C2BB352A000EB8315 /* Products */;
			projectDirPath = "";
			projectRoot = "";
			targets = (
				9F88E62A2BB352A000EB8315 /* checkListGerente */,
			);
		};
/* End PBXProject section */

/* Begin PBXResourcesBuildPhase section */
		9F88E6292BB352A000EB8315 /* Resources */ = {
			isa = PBXResourcesBuildPhase;
			buildActionMask = 2147483647;
			files = (
				9F88E6382BB352A200EB8315 /* Assets.xcassets in Resources */,
				9F88E63B2BB352A200EB8315 /* Base in Resources */,
				9F0B47BD2BF4F96A009D1CEA /* GoogleService-Info.plist in Resources */,
			);
			runOnlyForDeploymentPostprocessing = 0;
		};
/* End PBXResourcesBuildPhase section */

/* Begin PBXSourcesBuildPhase section */
		9F88E6272BB352A000EB8315 /* Sources */ = {
			isa = PBXSourcesBuildPhase;
			buildActionMask = 2147483647;
			files = (
				9F65DFF22BD996D5002F24A3 /* FeedCoordinator.swift in Sources */,
				9FEC77C32BF4E3F600523BCC /* FeedUserViewModel.swift in Sources */,
				9F88E64D2BB4473400EB8315 /* LoadingButton.swift in Sources */,
				9F88E6502BB455FC00EB8315 /* SignUpViewController.swift in Sources */,
				9FEC77C52BF4E69500523BCC /* FeedUserTableViewCell.swift in Sources */,
				9F1B05212BD94F1700C3C264 /* ReportViewController.swift in Sources */,
				9F88E6542BB4563700EB8315 /* SignUpViewModel.swift in Sources */,
				9FEC77C92BF4E81200523BCC /* FeedUserCoordinator.swift in Sources */,
				9FEC77CF2BF4E9ED00523BCC /* User.swift in Sources */,
				9FF5FF4B2BD7F7C300EF7877 /* AddChecklistCoordinator.swift in Sources */,
				9F88E62F2BB352A000EB8315 /* AppDelegate.swift in Sources */,
				9F650A862BB5B5DD0083C792 /* FeedTableViewCell.swift in Sources */,
				9F88E6672BB4C72600EB8315 /* ProfileViewController.swift in Sources */,
				9FEC77C72BF4E6E500523BCC /* FeedUserViewController.swift in Sources */,
				9FF5FF4D2BD7F8BA00EF7877 /* AddCheckListViewModel.swift in Sources */,
				9FEC77CD2BF4E91800523BCC /* ProfileUserViewController.swift in Sources */,
				9F6CE07B2BFB93B70093A2B1 /* PostService.swift in Sources */,
				9F88E64A2BB3554F00EB8315 /* SignInViewModel.swift in Sources */,
				9F88E6462BB3532200EB8315 /* SignInCoordinator.swift in Sources */,
				9F6CE0782BFB8C700093A2B1 /* Extension+UIView.swift in Sources */,
				9F88E6482BB3533C00EB8315 /* SignInViewController.swift in Sources */,
				9F88E6612BB4C04E00EB8315 /* HomeViewModel.swift in Sources */,
				9FEC77BD2BF4E1D600523BCC /* HomeUserViewModel.swift in Sources */,
				9FEC77BB2BF4E1CA00523BCC /* HomeUserViewController.swift in Sources */,
				9F65DFF52BD99924002F24A3 /* FeedViewModel.swift in Sources */,
				9FEC77D12BF4EA7800523BCC /* UserManager.swift in Sources */,
				9F88E65F2BB4BFB100EB8315 /* HomeViewController.swift in Sources */,
				9FEC77B92BF4E1BD00523BCC /* HomeUserCoordinator.swift in Sources */,
				9F88E65D2BB4BD4B00EB8315 /* HomeCoordinator.swift in Sources */,
				9F88E6312BB352A000EB8315 /* SceneDelegate.swift in Sources */,
				9FF5FF402BD7F15A00EF7877 /* AddCheckViewController.swift in Sources */,
				9F88E6652BB4C71300EB8315 /* FeedViewController.swift in Sources */,
				9F88E6562BB4565100EB8315 /* SignUpCoordinator.swift in Sources */,
			);
			runOnlyForDeploymentPostprocessing = 0;
		};
/* End PBXSourcesBuildPhase section */

/* Begin PBXVariantGroup section */
		9F88E6392BB352A200EB8315 /* LaunchScreen.storyboard */ = {
			isa = PBXVariantGroup;
			children = (
				9F88E63A2BB352A200EB8315 /* Base */,
			);
			name = LaunchScreen.storyboard;
			sourceTree = "<group>";
		};
/* End PBXVariantGroup section */

/* Begin XCBuildConfiguration section */
		9F88E63D2BB352A200EB8315 /* Debug */ = {
			isa = XCBuildConfiguration;
			buildSettings = {
				ALWAYS_SEARCH_USER_PATHS = NO;
				ASSETCATALOG_COMPILER_GENERATE_SWIFT_ASSET_SYMBOL_EXTENSIONS = YES;
				CLANG_ANALYZER_NONNULL = YES;
				CLANG_ANALYZER_NUMBER_OBJECT_CONVERSION = YES_AGGRESSIVE;
				CLANG_CXX_LANGUAGE_STANDARD = "gnu++20";
				CLANG_ENABLE_MODULES = YES;
				CLANG_ENABLE_OBJC_ARC = YES;
				CLANG_ENABLE_OBJC_WEAK = YES;
				CLANG_WARN_BLOCK_CAPTURE_AUTORELEASING = YES;
				CLANG_WARN_BOOL_CONVERSION = YES;
				CLANG_WARN_COMMA = YES;
				CLANG_WARN_CONSTANT_CONVERSION = YES;
				CLANG_WARN_DEPRECATED_OBJC_IMPLEMENTATIONS = YES;
				CLANG_WARN_DIRECT_OBJC_ISA_USAGE = YES_ERROR;
				CLANG_WARN_DOCUMENTATION_COMMENTS = YES;
				CLANG_WARN_EMPTY_BODY = YES;
				CLANG_WARN_ENUM_CONVERSION = YES;
				CLANG_WARN_INFINITE_RECURSION = YES;
				CLANG_WARN_INT_CONVERSION = YES;
				CLANG_WARN_NON_LITERAL_NULL_CONVERSION = YES;
				CLANG_WARN_OBJC_IMPLICIT_RETAIN_SELF = YES;
				CLANG_WARN_OBJC_LITERAL_CONVERSION = YES;
				CLANG_WARN_OBJC_ROOT_CLASS = YES_ERROR;
				CLANG_WARN_QUOTED_INCLUDE_IN_FRAMEWORK_HEADER = YES;
				CLANG_WARN_RANGE_LOOP_ANALYSIS = YES;
				CLANG_WARN_STRICT_PROTOTYPES = YES;
				CLANG_WARN_SUSPICIOUS_MOVE = YES;
				CLANG_WARN_UNGUARDED_AVAILABILITY = YES_AGGRESSIVE;
				CLANG_WARN_UNREACHABLE_CODE = YES;
				CLANG_WARN__DUPLICATE_METHOD_MATCH = YES;
				COPY_PHASE_STRIP = NO;
				DEBUG_INFORMATION_FORMAT = dwarf;
				ENABLE_STRICT_OBJC_MSGSEND = YES;
				ENABLE_TESTABILITY = YES;
				ENABLE_USER_SCRIPT_SANDBOXING = YES;
				GCC_C_LANGUAGE_STANDARD = gnu17;
				GCC_DYNAMIC_NO_PIC = NO;
				GCC_NO_COMMON_BLOCKS = YES;
				GCC_OPTIMIZATION_LEVEL = 0;
				GCC_PREPROCESSOR_DEFINITIONS = (
					"DEBUG=1",
					"$(inherited)",
				);
				GCC_WARN_64_TO_32_BIT_CONVERSION = YES;
				GCC_WARN_ABOUT_RETURN_TYPE = YES_ERROR;
				GCC_WARN_UNDECLARED_SELECTOR = YES;
				GCC_WARN_UNINITIALIZED_AUTOS = YES_AGGRESSIVE;
				GCC_WARN_UNUSED_FUNCTION = YES;
				GCC_WARN_UNUSED_VARIABLE = YES;
				IPHONEOS_DEPLOYMENT_TARGET = 17.4;
				LOCALIZATION_PREFERS_STRING_CATALOGS = YES;
				MTL_ENABLE_DEBUG_INFO = INCLUDE_SOURCE;
				MTL_FAST_MATH = YES;
				ONLY_ACTIVE_ARCH = YES;
				SDKROOT = iphoneos;
				SWIFT_ACTIVE_COMPILATION_CONDITIONS = "DEBUG $(inherited)";
				SWIFT_OPTIMIZATION_LEVEL = "-Onone";
			};
			name = Debug;
		};
		9F88E63E2BB352A200EB8315 /* Release */ = {
			isa = XCBuildConfiguration;
			buildSettings = {
				ALWAYS_SEARCH_USER_PATHS = NO;
				ASSETCATALOG_COMPILER_GENERATE_SWIFT_ASSET_SYMBOL_EXTENSIONS = YES;
				CLANG_ANALYZER_NONNULL = YES;
				CLANG_ANALYZER_NUMBER_OBJECT_CONVERSION = YES_AGGRESSIVE;
				CLANG_CXX_LANGUAGE_STANDARD = "gnu++20";
				CLANG_ENABLE_MODULES = YES;
				CLANG_ENABLE_OBJC_ARC = YES;
				CLANG_ENABLE_OBJC_WEAK = YES;
				CLANG_WARN_BLOCK_CAPTURE_AUTORELEASING = YES;
				CLANG_WARN_BOOL_CONVERSION = YES;
				CLANG_WARN_COMMA = YES;
				CLANG_WARN_CONSTANT_CONVERSION = YES;
				CLANG_WARN_DEPRECATED_OBJC_IMPLEMENTATIONS = YES;
				CLANG_WARN_DIRECT_OBJC_ISA_USAGE = YES_ERROR;
				CLANG_WARN_DOCUMENTATION_COMMENTS = YES;
				CLANG_WARN_EMPTY_BODY = YES;
				CLANG_WARN_ENUM_CONVERSION = YES;
				CLANG_WARN_INFINITE_RECURSION = YES;
				CLANG_WARN_INT_CONVERSION = YES;
				CLANG_WARN_NON_LITERAL_NULL_CONVERSION = YES;
				CLANG_WARN_OBJC_IMPLICIT_RETAIN_SELF = YES;
				CLANG_WARN_OBJC_LITERAL_CONVERSION = YES;
				CLANG_WARN_OBJC_ROOT_CLASS = YES_ERROR;
				CLANG_WARN_QUOTED_INCLUDE_IN_FRAMEWORK_HEADER = YES;
				CLANG_WARN_RANGE_LOOP_ANALYSIS = YES;
				CLANG_WARN_STRICT_PROTOTYPES = YES;
				CLANG_WARN_SUSPICIOUS_MOVE = YES;
				CLANG_WARN_UNGUARDED_AVAILABILITY = YES_AGGRESSIVE;
				CLANG_WARN_UNREACHABLE_CODE = YES;
				CLANG_WARN__DUPLICATE_METHOD_MATCH = YES;
				COPY_PHASE_STRIP = NO;
				DEBUG_INFORMATION_FORMAT = "dwarf-with-dsym";
				ENABLE_NS_ASSERTIONS = NO;
				ENABLE_STRICT_OBJC_MSGSEND = YES;
				ENABLE_USER_SCRIPT_SANDBOXING = YES;
				GCC_C_LANGUAGE_STANDARD = gnu17;
				GCC_NO_COMMON_BLOCKS = YES;
				GCC_WARN_64_TO_32_BIT_CONVERSION = YES;
				GCC_WARN_ABOUT_RETURN_TYPE = YES_ERROR;
				GCC_WARN_UNDECLARED_SELECTOR = YES;
				GCC_WARN_UNINITIALIZED_AUTOS = YES_AGGRESSIVE;
				GCC_WARN_UNUSED_FUNCTION = YES;
				GCC_WARN_UNUSED_VARIABLE = YES;
				IPHONEOS_DEPLOYMENT_TARGET = 17.4;
				LOCALIZATION_PREFERS_STRING_CATALOGS = YES;
				MTL_ENABLE_DEBUG_INFO = NO;
				MTL_FAST_MATH = YES;
				SDKROOT = iphoneos;
				SWIFT_COMPILATION_MODE = wholemodule;
				VALIDATE_PRODUCT = YES;
			};
			name = Release;
		};
		9F88E6402BB352A200EB8315 /* Debug */ = {
			isa = XCBuildConfiguration;
			buildSettings = {
				ASSETCATALOG_COMPILER_APPICON_NAME = AppIcon;
				ASSETCATALOG_COMPILER_GLOBAL_ACCENT_COLOR_NAME = AccentColor;
				CODE_SIGN_STYLE = Automatic;
				CURRENT_PROJECT_VERSION = 1;
				DEVELOPMENT_TEAM = 6GRMHC5W4Q;
				GENERATE_INFOPLIST_FILE = YES;
				INFOPLIST_FILE = checkListGerente/Info.plist;
				INFOPLIST_KEY_UIApplicationSupportsIndirectInputEvents = YES;
				INFOPLIST_KEY_UILaunchStoryboardName = LaunchScreen;
				INFOPLIST_KEY_UISupportedInterfaceOrientations_iPad = "UIInterfaceOrientationPortrait UIInterfaceOrientationPortraitUpsideDown UIInterfaceOrientationLandscapeLeft UIInterfaceOrientationLandscapeRight";
				INFOPLIST_KEY_UISupportedInterfaceOrientations_iPhone = "UIInterfaceOrientationPortrait UIInterfaceOrientationLandscapeLeft UIInterfaceOrientationLandscapeRight";
				LD_RUNPATH_SEARCH_PATHS = (
					"$(inherited)",
					"@executable_path/Frameworks",
				);
				MARKETING_VERSION = 1.0;
				PRODUCT_BUNDLE_IDENTIFIER = com.danilocosta.checkListGerente;
				PRODUCT_NAME = "$(TARGET_NAME)";
				SWIFT_EMIT_LOC_STRINGS = YES;
				SWIFT_VERSION = 5.0;
				TARGETED_DEVICE_FAMILY = "1,2";
			};
			name = Debug;
		};
		9F88E6412BB352A200EB8315 /* Release */ = {
			isa = XCBuildConfiguration;
			buildSettings = {
				ASSETCATALOG_COMPILER_APPICON_NAME = AppIcon;
				ASSETCATALOG_COMPILER_GLOBAL_ACCENT_COLOR_NAME = AccentColor;
				CODE_SIGN_STYLE = Automatic;
				CURRENT_PROJECT_VERSION = 1;
				DEVELOPMENT_TEAM = 6GRMHC5W4Q;
				GENERATE_INFOPLIST_FILE = YES;
				INFOPLIST_FILE = checkListGerente/Info.plist;
				INFOPLIST_KEY_UIApplicationSupportsIndirectInputEvents = YES;
				INFOPLIST_KEY_UILaunchStoryboardName = LaunchScreen;
				INFOPLIST_KEY_UISupportedInterfaceOrientations_iPad = "UIInterfaceOrientationPortrait UIInterfaceOrientationPortraitUpsideDown UIInterfaceOrientationLandscapeLeft UIInterfaceOrientationLandscapeRight";
				INFOPLIST_KEY_UISupportedInterfaceOrientations_iPhone = "UIInterfaceOrientationPortrait UIInterfaceOrientationLandscapeLeft UIInterfaceOrientationLandscapeRight";
				LD_RUNPATH_SEARCH_PATHS = (
					"$(inherited)",
					"@executable_path/Frameworks",
				);
				MARKETING_VERSION = 1.0;
				PRODUCT_BUNDLE_IDENTIFIER = com.danilocosta.checkListGerente;
				PRODUCT_NAME = "$(TARGET_NAME)";
				SWIFT_EMIT_LOC_STRINGS = YES;
				SWIFT_VERSION = 5.0;
				TARGETED_DEVICE_FAMILY = "1,2";
			};
			name = Release;
		};
/* End XCBuildConfiguration section */

/* Begin XCConfigurationList section */
		9F88E6262BB352A000EB8315 /* Build configuration list for PBXProject "checkListGerente" */ = {
			isa = XCConfigurationList;
			buildConfigurations = (
				9F88E63D2BB352A200EB8315 /* Debug */,
				9F88E63E2BB352A200EB8315 /* Release */,
			);
			defaultConfigurationIsVisible = 0;
			defaultConfigurationName = Release;
		};
		9F88E63F2BB352A200EB8315 /* Build configuration list for PBXNativeTarget "checkListGerente" */ = {
			isa = XCConfigurationList;
			buildConfigurations = (
				9F88E6402BB352A200EB8315 /* Debug */,
				9F88E6412BB352A200EB8315 /* Release */,
			);
			defaultConfigurationIsVisible = 0;
			defaultConfigurationName = Release;
		};
/* End XCConfigurationList section */

/* Begin XCRemoteSwiftPackageReference section */
		9FEC77D42BF4F19000523BCC /* XCRemoteSwiftPackageReference "firebase-ios-sdk" */ = {
			isa = XCRemoteSwiftPackageReference;
			repositoryURL = "https://github.com/firebase/firebase-ios-sdk";
			requirement = {
				kind = upToNextMajorVersion;
				minimumVersion = 10.26.0;
			};
		};
/* End XCRemoteSwiftPackageReference section */

/* Begin XCSwiftPackageProductDependency section */
		9FA8B5902BF5008300E48331 /* FirebaseAuth */ = {
			isa = XCSwiftPackageProductDependency;
			package = 9FEC77D42BF4F19000523BCC /* XCRemoteSwiftPackageReference "firebase-ios-sdk" */;
			productName = FirebaseAuth;
		};
		9FA8B5922BF5008300E48331 /* FirebaseAuthCombine-Community */ = {
			isa = XCSwiftPackageProductDependency;
			package = 9FEC77D42BF4F19000523BCC /* XCRemoteSwiftPackageReference "firebase-ios-sdk" */;
			productName = "FirebaseAuthCombine-Community";
		};
		9FA8B5942BF5008300E48331 /* FirebaseDatabase */ = {
			isa = XCSwiftPackageProductDependency;
			package = 9FEC77D42BF4F19000523BCC /* XCRemoteSwiftPackageReference "firebase-ios-sdk" */;
			productName = FirebaseDatabase;
		};
		9FA8B5962BF5008300E48331 /* FirebaseDatabaseSwift */ = {
			isa = XCSwiftPackageProductDependency;
			package = 9FEC77D42BF4F19000523BCC /* XCRemoteSwiftPackageReference "firebase-ios-sdk" */;
			productName = FirebaseDatabaseSwift;
		};
		9FA8B5982BF5008300E48331 /* FirebaseFirestore */ = {
			isa = XCSwiftPackageProductDependency;
			package = 9FEC77D42BF4F19000523BCC /* XCRemoteSwiftPackageReference "firebase-ios-sdk" */;
			productName = FirebaseFirestore;
		};
		9FA8B59A2BF5008300E48331 /* FirebaseFirestoreCombine-Community */ = {
			isa = XCSwiftPackageProductDependency;
			package = 9FEC77D42BF4F19000523BCC /* XCRemoteSwiftPackageReference "firebase-ios-sdk" */;
			productName = "FirebaseFirestoreCombine-Community";
		};
		9FA8B59C2BF5008300E48331 /* FirebaseFirestoreSwift */ = {
			isa = XCSwiftPackageProductDependency;
			package = 9FEC77D42BF4F19000523BCC /* XCRemoteSwiftPackageReference "firebase-ios-sdk" */;
			productName = FirebaseFirestoreSwift;
		};
		9FA8B59E2BF5008300E48331 /* FirebaseInstallations */ = {
			isa = XCSwiftPackageProductDependency;
			package = 9FEC77D42BF4F19000523BCC /* XCRemoteSwiftPackageReference "firebase-ios-sdk" */;
			productName = FirebaseInstallations;
		};
		9FA8B5A02BF5008300E48331 /* FirebaseRemoteConfig */ = {
			isa = XCSwiftPackageProductDependency;
			package = 9FEC77D42BF4F19000523BCC /* XCRemoteSwiftPackageReference "firebase-ios-sdk" */;
			productName = FirebaseRemoteConfig;
		};
		9FA8B5A22BF5008300E48331 /* FirebaseRemoteConfigSwift */ = {
			isa = XCSwiftPackageProductDependency;
			package = 9FEC77D42BF4F19000523BCC /* XCRemoteSwiftPackageReference "firebase-ios-sdk" */;
			productName = FirebaseRemoteConfigSwift;
		};
		9FA8B5A42BF5008300E48331 /* FirebaseStorage */ = {
			isa = XCSwiftPackageProductDependency;
			package = 9FEC77D42BF4F19000523BCC /* XCRemoteSwiftPackageReference "firebase-ios-sdk" */;
			productName = FirebaseStorage;
		};
		9FA8B5A62BF5008300E48331 /* FirebaseStorageCombine-Community */ = {
			isa = XCSwiftPackageProductDependency;
			package = 9FEC77D42BF4F19000523BCC /* XCRemoteSwiftPackageReference "firebase-ios-sdk" */;
			productName = "FirebaseStorageCombine-Community";
		};
/* End XCSwiftPackageProductDependency section */
	};
	rootObject = 9F88E6232BB352A000EB8315 /* Project object */;
}
